// !$*UTF8*$!
{
	archiveVersion = 1;
	classes = {
	};
	objectVersion = 55;
	objects = {

/* Begin PBXBuildFile section */
		027DA8E328B7C3A7004229F5 /* AppDelegate.swift in Sources */ = {isa = PBXBuildFile; fileRef = 027DA8E228B7C3A7004229F5 /* AppDelegate.swift */; };
		027DA8E528B7C3A7004229F5 /* SceneDelegate.swift in Sources */ = {isa = PBXBuildFile; fileRef = 027DA8E428B7C3A7004229F5 /* SceneDelegate.swift */; };
		027DA8E728B7C3A7004229F5 /* CarsListVC.swift in Sources */ = {isa = PBXBuildFile; fileRef = 027DA8E628B7C3A7004229F5 /* CarsListVC.swift */; };
		027DA8EA28B7C3A7004229F5 /* Main.storyboard in Resources */ = {isa = PBXBuildFile; fileRef = 027DA8E828B7C3A7004229F5 /* Main.storyboard */; };
		027DA8EC28B7C3A9004229F5 /* Assets.xcassets in Resources */ = {isa = PBXBuildFile; fileRef = 027DA8EB28B7C3A9004229F5 /* Assets.xcassets */; };
		027DA8EF28B7C3A9004229F5 /* LaunchScreen.storyboard in Resources */ = {isa = PBXBuildFile; fileRef = 027DA8ED28B7C3A9004229F5 /* LaunchScreen.storyboard */; };
		027DA8FA28B7C3AA004229F5 /* ShowluxaryCarsTests.swift in Sources */ = {isa = PBXBuildFile; fileRef = 027DA8F928B7C3AA004229F5 /* ShowluxaryCarsTests.swift */; };
		027DA90428B7C3AA004229F5 /* ShowluxaryCarsUITests.swift in Sources */ = {isa = PBXBuildFile; fileRef = 027DA90328B7C3AA004229F5 /* ShowluxaryCarsUITests.swift */; };
		027DA90628B7C3AA004229F5 /* ShowluxaryCarsUITestsLaunchTests.swift in Sources */ = {isa = PBXBuildFile; fileRef = 027DA90528B7C3AA004229F5 /* ShowluxaryCarsUITestsLaunchTests.swift */; };
		027DA91528B7D1C3004229F5 /* Cars.swift in Sources */ = {isa = PBXBuildFile; fileRef = 027DA91428B7D1C3004229F5 /* Cars.swift */; };
		027DA91828B7D250004229F5 /* Constants.swift in Sources */ = {isa = PBXBuildFile; fileRef = 027DA91728B7D250004229F5 /* Constants.swift */; };
		027DA91A28B7D575004229F5 /* UIView+Exttention.swift in Sources */ = {isa = PBXBuildFile; fileRef = 027DA91928B7D575004229F5 /* UIView+Exttention.swift */; };
		027DA91C28B7DA6A004229F5 /* CarTableViewCell.swift in Sources */ = {isa = PBXBuildFile; fileRef = 027DA91B28B7DA6A004229F5 /* CarTableViewCell.swift */; };
/* End PBXBuildFile section */

/* Begin PBXContainerItemProxy section */
		027DA8F628B7C3AA004229F5 /* PBXContainerItemProxy */ = {
			isa = PBXContainerItemProxy;
			containerPortal = 027DA8D728B7C3A7004229F5 /* Project object */;
			proxyType = 1;
			remoteGlobalIDString = 027DA8DE28B7C3A7004229F5;
			remoteInfo = ShowluxaryCars;
		};
		027DA90028B7C3AA004229F5 /* PBXContainerItemProxy */ = {
			isa = PBXContainerItemProxy;
			containerPortal = 027DA8D728B7C3A7004229F5 /* Project object */;
			proxyType = 1;
			remoteGlobalIDString = 027DA8DE28B7C3A7004229F5;
			remoteInfo = ShowluxaryCars;
		};
/* End PBXContainerItemProxy section */

/* Begin PBXFileReference section */
		027DA8DF28B7C3A7004229F5 /* ShowluxaryCars.app */ = {isa = PBXFileReference; explicitFileType = wrapper.application; includeInIndex = 0; path = ShowluxaryCars.app; sourceTree = BUILT_PRODUCTS_DIR; };
		027DA8E228B7C3A7004229F5 /* AppDelegate.swift */ = {isa = PBXFileReference; lastKnownFileType = sourcecode.swift; path = AppDelegate.swift; sourceTree = "<group>"; };
		027DA8E428B7C3A7004229F5 /* SceneDelegate.swift */ = {isa = PBXFileReference; lastKnownFileType = sourcecode.swift; path = SceneDelegate.swift; sourceTree = "<group>"; };
		027DA8E628B7C3A7004229F5 /* CarsListVC.swift */ = {isa = PBXFileReference; lastKnownFileType = sourcecode.swift; path = CarsListVC.swift; sourceTree = "<group>"; };
		027DA8E928B7C3A7004229F5 /* Base */ = {isa = PBXFileReference; lastKnownFileType = file.storyboard; name = Base; path = Base.lproj/Main.storyboard; sourceTree = "<group>"; };
		027DA8EB28B7C3A9004229F5 /* Assets.xcassets */ = {isa = PBXFileReference; lastKnownFileType = folder.assetcatalog; path = Assets.xcassets; sourceTree = "<group>"; };
		027DA8EE28B7C3A9004229F5 /* Base */ = {isa = PBXFileReference; lastKnownFileType = file.storyboard; name = Base; path = Base.lproj/LaunchScreen.storyboard; sourceTree = "<group>"; };
		027DA8F028B7C3A9004229F5 /* Info.plist */ = {isa = PBXFileReference; lastKnownFileType = text.plist.xml; path = Info.plist; sourceTree = "<group>"; };
		027DA8F528B7C3AA004229F5 /* ShowluxaryCarsTests.xctest */ = {isa = PBXFileReference; explicitFileType = wrapper.cfbundle; includeInIndex = 0; path = ShowluxaryCarsTests.xctest; sourceTree = BUILT_PRODUCTS_DIR; };
		027DA8F928B7C3AA004229F5 /* ShowluxaryCarsTests.swift */ = {isa = PBXFileReference; lastKnownFileType = sourcecode.swift; path = ShowluxaryCarsTests.swift; sourceTree = "<group>"; };
		027DA8FF28B7C3AA004229F5 /* ShowluxaryCarsUITests.xctest */ = {isa = PBXFileReference; explicitFileType = wrapper.cfbundle; includeInIndex = 0; path = ShowluxaryCarsUITests.xctest; sourceTree = BUILT_PRODUCTS_DIR; };
		027DA90328B7C3AA004229F5 /* ShowluxaryCarsUITests.swift */ = {isa = PBXFileReference; lastKnownFileType = sourcecode.swift; path = ShowluxaryCarsUITests.swift; sourceTree = "<group>"; };
		027DA90528B7C3AA004229F5 /* ShowluxaryCarsUITestsLaunchTests.swift */ = {isa = PBXFileReference; lastKnownFileType = sourcecode.swift; path = ShowluxaryCarsUITestsLaunchTests.swift; sourceTree = "<group>"; };
		027DA91428B7D1C3004229F5 /* Cars.swift */ = {isa = PBXFileReference; lastKnownFileType = sourcecode.swift; path = Cars.swift; sourceTree = "<group>"; };
		027DA91728B7D250004229F5 /* Constants.swift */ = {isa = PBXFileReference; lastKnownFileType = sourcecode.swift; path = Constants.swift; sourceTree = "<group>"; };
		027DA91928B7D575004229F5 /* UIView+Exttention.swift */ = {isa = PBXFileReference; lastKnownFileType = sourcecode.swift; path = "UIView+Exttention.swift"; sourceTree = "<group>"; };
		027DA91B28B7DA6A004229F5 /* CarTableViewCell.swift */ = {isa = PBXFileReference; lastKnownFileType = sourcecode.swift; path = CarTableViewCell.swift; sourceTree = "<group>"; };
/* End PBXFileReference section */

/* Begin PBXFrameworksBuildPhase section */
		027DA8DC28B7C3A7004229F5 /* Frameworks */ = {
			isa = PBXFrameworksBuildPhase;
			buildActionMask = 2147483647;
			files = (
			);
			runOnlyForDeploymentPostprocessing = 0;
		};
		027DA8F228B7C3AA004229F5 /* Frameworks */ = {
			isa = PBXFrameworksBuildPhase;
			buildActionMask = 2147483647;
			files = (
			);
			runOnlyForDeploymentPostprocessing = 0;
		};
		027DA8FC28B7C3AA004229F5 /* Frameworks */ = {
			isa = PBXFrameworksBuildPhase;
			buildActionMask = 2147483647;
			files = (
			);
			runOnlyForDeploymentPostprocessing = 0;
		};
/* End PBXFrameworksBuildPhase section */

/* Begin PBXGroup section */
		027DA8D628B7C3A7004229F5 = {
			isa = PBXGroup;
			children = (
				027DA8E128B7C3A7004229F5 /* ShowluxaryCars */,
				027DA8F828B7C3AA004229F5 /* ShowluxaryCarsTests */,
				027DA90228B7C3AA004229F5 /* ShowluxaryCarsUITests */,
				027DA8E028B7C3A7004229F5 /* Products */,
			);
			sourceTree = "<group>";
		};
		027DA8E028B7C3A7004229F5 /* Products */ = {
			isa = PBXGroup;
			children = (
				027DA8DF28B7C3A7004229F5 /* ShowluxaryCars.app */,
				027DA8F528B7C3AA004229F5 /* ShowluxaryCarsTests.xctest */,
				027DA8FF28B7C3AA004229F5 /* ShowluxaryCarsUITests.xctest */,
			);
			name = Products;
			sourceTree = "<group>";
		};
		027DA8E128B7C3A7004229F5 /* ShowluxaryCars */ = {
			isa = PBXGroup;
			children = (
				027DA91328B7D198004229F5 /* Models */,
				027DA91628B7D214004229F5 /* Utils */,
				027DA8E228B7C3A7004229F5 /* AppDelegate.swift */,
				027DA8E428B7C3A7004229F5 /* SceneDelegate.swift */,
				027DA8E628B7C3A7004229F5 /* CarsListVC.swift */,
				027DA8E828B7C3A7004229F5 /* Main.storyboard */,
				027DA8EB28B7C3A9004229F5 /* Assets.xcassets */,
				027DA8ED28B7C3A9004229F5 /* LaunchScreen.storyboard */,
				027DA8F028B7C3A9004229F5 /* Info.plist */,
			);
			path = ShowluxaryCars;
			sourceTree = "<group>";
		};
		027DA8F828B7C3AA004229F5 /* ShowluxaryCarsTests */ = {
			isa = PBXGroup;
			children = (
				027DA8F928B7C3AA004229F5 /* ShowluxaryCarsTests.swift */,
			);
			path = ShowluxaryCarsTests;
			sourceTree = "<group>";
		};
		027DA90228B7C3AA004229F5 /* ShowluxaryCarsUITests */ = {
			isa = PBXGroup;
			children = (
				027DA90328B7C3AA004229F5 /* ShowluxaryCarsUITests.swift */,
				027DA90528B7C3AA004229F5 /* ShowluxaryCarsUITestsLaunchTests.swift */,
			);
			path = ShowluxaryCarsUITests;
			sourceTree = "<group>";
		};
		027DA91328B7D198004229F5 /* Models */ = {
			isa = PBXGroup;
			children = (
				027DA91428B7D1C3004229F5 /* Cars.swift */,
			);
			path = Models;
			sourceTree = "<group>";
		};
		027DA91628B7D214004229F5 /* Utils */ = {
			isa = PBXGroup;
			children = (
				027DA91728B7D250004229F5 /* Constants.swift */,
				027DA91928B7D575004229F5 /* UIView+Exttention.swift */,
				027DA91B28B7DA6A004229F5 /* CarTableViewCell.swift */,
			);
			path = Utils;
			sourceTree = "<group>";
		};
/* End PBXGroup section */

/* Begin PBXNativeTarget section */
		027DA8DE28B7C3A7004229F5 /* ShowluxaryCars */ = {
			isa = PBXNativeTarget;
			buildConfigurationList = 027DA90928B7C3AA004229F5 /* Build configuration list for PBXNativeTarget "ShowluxaryCars" */;
			buildPhases = (
				027DA8DB28B7C3A7004229F5 /* Sources */,
				027DA8DC28B7C3A7004229F5 /* Frameworks */,
				027DA8DD28B7C3A7004229F5 /* Resources */,
			);
			buildRules = (
			);
			dependencies = (
			);
			name = ShowluxaryCars;
			productName = ShowluxaryCars;
			productReference = 027DA8DF28B7C3A7004229F5 /* ShowluxaryCars.app */;
			productType = "com.apple.product-type.application";
		};
		027DA8F428B7C3AA004229F5 /* ShowluxaryCarsTests */ = {
			isa = PBXNativeTarget;
			buildConfigurationList = 027DA90C28B7C3AA004229F5 /* Build configuration list for PBXNativeTarget "ShowluxaryCarsTests" */;
			buildPhases = (
				027DA8F128B7C3AA004229F5 /* Sources */,
				027DA8F228B7C3AA004229F5 /* Frameworks */,
				027DA8F328B7C3AA004229F5 /* Resources */,
			);
			buildRules = (
			);
			dependencies = (
				027DA8F728B7C3AA004229F5 /* PBXTargetDependency */,
			);
			name = ShowluxaryCarsTests;
			productName = ShowluxaryCarsTests;
			productReference = 027DA8F528B7C3AA004229F5 /* ShowluxaryCarsTests.xctest */;
			productType = "com.apple.product-type.bundle.unit-test";
		};
		027DA8FE28B7C3AA004229F5 /* ShowluxaryCarsUITests */ = {
			isa = PBXNativeTarget;
			buildConfigurationList = 027DA90F28B7C3AA004229F5 /* Build configuration list for PBXNativeTarget "ShowluxaryCarsUITests" */;
			buildPhases = (
				027DA8FB28B7C3AA004229F5 /* Sources */,
				027DA8FC28B7C3AA004229F5 /* Frameworks */,
				027DA8FD28B7C3AA004229F5 /* Resources */,
			);
			buildRules = (
			);
			dependencies = (
				027DA90128B7C3AA004229F5 /* PBXTargetDependency */,
			);
			name = ShowluxaryCarsUITests;
			productName = ShowluxaryCarsUITests;
			productReference = 027DA8FF28B7C3AA004229F5 /* ShowluxaryCarsUITests.xctest */;
			productType = "com.apple.product-type.bundle.ui-testing";
		};
/* End PBXNativeTarget section */

/* Begin PBXProject section */
		027DA8D728B7C3A7004229F5 /* Project object */ = {
			isa = PBXProject;
			attributes = {
				BuildIndependentTargetsInParallel = 1;
				LastSwiftUpdateCheck = 1340;
				LastUpgradeCheck = 1340;
				TargetAttributes = {
					027DA8DE28B7C3A7004229F5 = {
						CreatedOnToolsVersion = 13.4.1;
					};
					027DA8F428B7C3AA004229F5 = {
						CreatedOnToolsVersion = 13.4.1;
						TestTargetID = 027DA8DE28B7C3A7004229F5;
					};
					027DA8FE28B7C3AA004229F5 = {
						CreatedOnToolsVersion = 13.4.1;
						TestTargetID = 027DA8DE28B7C3A7004229F5;
					};
				};
			};
			buildConfigurationList = 027DA8DA28B7C3A7004229F5 /* Build configuration list for PBXProject "ShowluxaryCars" */;
			compatibilityVersion = "Xcode 13.0";
			developmentRegion = en;
			hasScannedForEncodings = 0;
			knownRegions = (
				en,
				Base,
			);
			mainGroup = 027DA8D628B7C3A7004229F5;
			productRefGroup = 027DA8E028B7C3A7004229F5 /* Products */;
			projectDirPath = "";
			projectRoot = "";
			targets = (
				027DA8DE28B7C3A7004229F5 /* ShowluxaryCars */,
				027DA8F428B7C3AA004229F5 /* ShowluxaryCarsTests */,
				027DA8FE28B7C3AA004229F5 /* ShowluxaryCarsUITests */,
			);
		};
/* End PBXProject section */

/* Begin PBXResourcesBuildPhase section */
		027DA8DD28B7C3A7004229F5 /* Resources */ = {
			isa = PBXResourcesBuildPhase;
			buildActionMask = 2147483647;
			files = (
				027DA8EF28B7C3A9004229F5 /* LaunchScreen.storyboard in Resources */,
				027DA8EC28B7C3A9004229F5 /* Assets.xcassets in Resources */,
				027DA8EA28B7C3A7004229F5 /* Main.storyboard in Resources */,
			);
			runOnlyForDeploymentPostprocessing = 0;
		};
		027DA8F328B7C3AA004229F5 /* Resources */ = {
			isa = PBXResourcesBuildPhase;
			buildActionMask = 2147483647;
			files = (
			);
			runOnlyForDeploymentPostprocessing = 0;
		};
		027DA8FD28B7C3AA004229F5 /* Resources */ = {
			isa = PBXResourcesBuildPhase;
			buildActionMask = 2147483647;
			files = (
			);
			runOnlyForDeploymentPostprocessing = 0;
		};
/* End PBXResourcesBuildPhase section */

/* Begin PBXSourcesBuildPhase section */
		027DA8DB28B7C3A7004229F5 /* Sources */ = {
			isa = PBXSourcesBuildPhase;
			buildActionMask = 2147483647;
			files = (
				027DA91A28B7D575004229F5 /* UIView+Exttention.swift in Sources */,
				027DA91C28B7DA6A004229F5 /* CarTableViewCell.swift in Sources */,
				027DA91828B7D250004229F5 /* Constants.swift in Sources */,
				027DA8E728B7C3A7004229F5 /* CarsListVC.swift in Sources */,
				027DA8E328B7C3A7004229F5 /* AppDelegate.swift in Sources */,
				027DA91528B7D1C3004229F5 /* Cars.swift in Sources */,
				027DA8E528B7C3A7004229F5 /* SceneDelegate.swift in Sources */,
			);
			runOnlyForDeploymentPostprocessing = 0;
		};
		027DA8F128B7C3AA004229F5 /* Sources */ = {
			isa = PBXSourcesBuildPhase;
			buildActionMask = 2147483647;
			files = (
				027DA8FA28B7C3AA004229F5 /* ShowluxaryCarsTests.swift in Sources */,
			);
			runOnlyForDeploymentPostprocessing = 0;
		};
		027DA8FB28B7C3AA004229F5 /* Sources */ = {
			isa = PBXSourcesBuildPhase;
			buildActionMask = 2147483647;
			files = (
				027DA90428B7C3AA004229F5 /* ShowluxaryCarsUITests.swift in Sources */,
				027DA90628B7C3AA004229F5 /* ShowluxaryCarsUITestsLaunchTests.swift in Sources */,
			);
			runOnlyForDeploymentPostprocessing = 0;
		};
/* End PBXSourcesBuildPhase section */

/* Begin PBXTargetDependency section */
		027DA8F728B7C3AA004229F5 /* PBXTargetDependency */ = {
			isa = PBXTargetDependency;
			target = 027DA8DE28B7C3A7004229F5 /* ShowluxaryCars */;
			targetProxy = 027DA8F628B7C3AA004229F5 /* PBXContainerItemProxy */;
		};
		027DA90128B7C3AA004229F5 /* PBXTargetDependency */ = {
			isa = PBXTargetDependency;
			target = 027DA8DE28B7C3A7004229F5 /* ShowluxaryCars */;
			targetProxy = 027DA90028B7C3AA004229F5 /* PBXContainerItemProxy */;
		};
/* End PBXTargetDependency section */

/* Begin PBXVariantGroup section */
		027DA8E828B7C3A7004229F5 /* Main.storyboard */ = {
			isa = PBXVariantGroup;
			children = (
				027DA8E928B7C3A7004229F5 /* Base */,
			);
			name = Main.storyboard;
			sourceTree = "<group>";
		};
		027DA8ED28B7C3A9004229F5 /* LaunchScreen.storyboard */ = {
			isa = PBXVariantGroup;
			children = (
				027DA8EE28B7C3A9004229F5 /* Base */,
			);
			name = LaunchScreen.storyboard;
			sourceTree = "<group>";
		};
/* End PBXVariantGroup section */

/* Begin XCBuildConfiguration section */
		027DA90728B7C3AA004229F5 /* Debug */ = {
			isa = XCBuildConfiguration;
			buildSettings = {
				ALWAYS_SEARCH_USER_PATHS = NO;
				CLANG_ANALYZER_NONNULL = YES;
				CLANG_ANALYZER_NUMBER_OBJECT_CONVERSION = YES_AGGRESSIVE;
				CLANG_CXX_LANGUAGE_STANDARD = "gnu++17";
				CLANG_ENABLE_MODULES = YES;
				CLANG_ENABLE_OBJC_ARC = YES;
				CLANG_ENABLE_OBJC_WEAK = YES;
				CLANG_WARN_BLOCK_CAPTURE_AUTORELEASING = YES;
				CLANG_WARN_BOOL_CONVERSION = YES;
				CLANG_WARN_COMMA = YES;
				CLANG_WARN_CONSTANT_CONVERSION = YES;
				CLANG_WARN_DEPRECATED_OBJC_IMPLEMENTATIONS = YES;
				CLANG_WARN_DIRECT_OBJC_ISA_USAGE = YES_ERROR;
				CLANG_WARN_DOCUMENTATION_COMMENTS = YES;
				CLANG_WARN_EMPTY_BODY = YES;
				CLANG_WARN_ENUM_CONVERSION = YES;
				CLANG_WARN_INFINITE_RECURSION = YES;
				CLANG_WARN_INT_CONVERSION = YES;
				CLANG_WARN_NON_LITERAL_NULL_CONVERSION = YES;
				CLANG_WARN_OBJC_IMPLICIT_RETAIN_SELF = YES;
				CLANG_WARN_OBJC_LITERAL_CONVERSION = YES;
				CLANG_WARN_OBJC_ROOT_CLASS = YES_ERROR;
				CLANG_WARN_QUOTED_INCLUDE_IN_FRAMEWORK_HEADER = YES;
				CLANG_WARN_RANGE_LOOP_ANALYSIS = YES;
				CLANG_WARN_STRICT_PROTOTYPES = YES;
				CLANG_WARN_SUSPICIOUS_MOVE = YES;
				CLANG_WARN_UNGUARDED_AVAILABILITY = YES_AGGRESSIVE;
				CLANG_WARN_UNREACHABLE_CODE = YES;
				CLANG_WARN__DUPLICATE_METHOD_MATCH = YES;
				COPY_PHASE_STRIP = NO;
				DEBUG_INFORMATION_FORMAT = dwarf;
				ENABLE_STRICT_OBJC_MSGSEND = YES;
				ENABLE_TESTABILITY = YES;
				GCC_C_LANGUAGE_STANDARD = gnu11;
				GCC_DYNAMIC_NO_PIC = NO;
				GCC_NO_COMMON_BLOCKS = YES;
				GCC_OPTIMIZATION_LEVEL = 0;
				GCC_PREPROCESSOR_DEFINITIONS = (
					"DEBUG=1",
					"$(inherited)",
				);
				GCC_WARN_64_TO_32_BIT_CONVERSION = YES;
				GCC_WARN_ABOUT_RETURN_TYPE = YES_ERROR;
				GCC_WARN_UNDECLARED_SELECTOR = YES;
				GCC_WARN_UNINITIALIZED_AUTOS = YES_AGGRESSIVE;
				GCC_WARN_UNUSED_FUNCTION = YES;
				GCC_WARN_UNUSED_VARIABLE = YES;
				IPHONEOS_DEPLOYMENT_TARGET = 15.5;
				MTL_ENABLE_DEBUG_INFO = INCLUDE_SOURCE;
				MTL_FAST_MATH = YES;
				ONLY_ACTIVE_ARCH = YES;
				SDKROOT = iphoneos;
				SWIFT_ACTIVE_COMPILATION_CONDITIONS = DEBUG;
				SWIFT_OPTIMIZATION_LEVEL = "-Onone";
			};
			name = Debug;
		};
		027DA90828B7C3AA004229F5 /* Release */ = {
			isa = XCBuildConfiguration;
			buildSettings = {
				ALWAYS_SEARCH_USER_PATHS = NO;
				CLANG_ANALYZER_NONNULL = YES;
				CLANG_ANALYZER_NUMBER_OBJECT_CONVERSION = YES_AGGRESSIVE;
				CLANG_CXX_LANGUAGE_STANDARD = "gnu++17";
				CLANG_ENABLE_MODULES = YES;
				CLANG_ENABLE_OBJC_ARC = YES;
				CLANG_ENABLE_OBJC_WEAK = YES;
				CLANG_WARN_BLOCK_CAPTURE_AUTORELEASING = YES;
				CLANG_WARN_BOOL_CONVERSION = YES;
				CLANG_WARN_COMMA = YES;
				CLANG_WARN_CONSTANT_CONVERSION = YES;
				CLANG_WARN_DEPRECATED_OBJC_IMPLEMENTATIONS = YES;
				CLANG_WARN_DIRECT_OBJC_ISA_USAGE = YES_ERROR;
				CLANG_WARN_DOCUMENTATION_COMMENTS = YES;
				CLANG_WARN_EMPTY_BODY = YES;
				CLANG_WARN_ENUM_CONVERSION = YES;
				CLANG_WARN_INFINITE_RECURSION = YES;
				CLANG_WARN_INT_CONVERSION = YES;
				CLANG_WARN_NON_LITERAL_NULL_CONVERSION = YES;
				CLANG_WARN_OBJC_IMPLICIT_RETAIN_SELF = YES;
				CLANG_WARN_OBJC_LITERAL_CONVERSION = YES;
				CLANG_WARN_OBJC_ROOT_CLASS = YES_ERROR;
				CLANG_WARN_QUOTED_INCLUDE_IN_FRAMEWORK_HEADER = YES;
				CLANG_WARN_RANGE_LOOP_ANALYSIS = YES;
				CLANG_WARN_STRICT_PROTOTYPES = YES;
				CLANG_WARN_SUSPICIOUS_MOVE = YES;
				CLANG_WARN_UNGUARDED_AVAILABILITY = YES_AGGRESSIVE;
				CLANG_WARN_UNREACHABLE_CODE = YES;
				CLANG_WARN__DUPLICATE_METHOD_MATCH = YES;
				COPY_PHASE_STRIP = NO;
				DEBUG_INFORMATION_FORMAT = "dwarf-with-dsym";
				ENABLE_NS_ASSERTIONS = NO;
				ENABLE_STRICT_OBJC_MSGSEND = YES;
				GCC_C_LANGUAGE_STANDARD = gnu11;
				GCC_NO_COMMON_BLOCKS = YES;
				GCC_WARN_64_TO_32_BIT_CONVERSION = YES;
				GCC_WARN_ABOUT_RETURN_TYPE = YES_ERROR;
				GCC_WARN_UNDECLARED_SELECTOR = YES;
				GCC_WARN_UNINITIALIZED_AUTOS = YES_AGGRESSIVE;
				GCC_WARN_UNUSED_FUNCTION = YES;
				GCC_WARN_UNUSED_VARIABLE = YES;
				IPHONEOS_DEPLOYMENT_TARGET = 15.5;
				MTL_ENABLE_DEBUG_INFO = NO;
				MTL_FAST_MATH = YES;
				SDKROOT = iphoneos;
				SWIFT_COMPILATION_MODE = wholemodule;
				SWIFT_OPTIMIZATION_LEVEL = "-O";
				VALIDATE_PRODUCT = YES;
			};
			name = Release;
		};
		027DA90A28B7C3AA004229F5 /* Debug */ = {
			isa = XCBuildConfiguration;
			buildSettings = {
				ASSETCATALOG_COMPILER_APPICON_NAME = AppIcon;
				ASSETCATALOG_COMPILER_GLOBAL_ACCENT_COLOR_NAME = AccentColor;
				CODE_SIGN_STYLE = Automatic;
				CURRENT_PROJECT_VERSION = 1;
				DEVELOPMENT_TEAM = B9BQZ623PG;
				GENERATE_INFOPLIST_FILE = YES;
				INFOPLIST_FILE = ShowluxaryCars/Info.plist;
				INFOPLIST_KEY_UIApplicationSupportsIndirectInputEvents = YES;
				INFOPLIST_KEY_UILaunchStoryboardName = LaunchScreen;
				INFOPLIST_KEY_UIMainStoryboardFile = Main;
				INFOPLIST_KEY_UISupportedInterfaceOrientations = "UIInterfaceOrientationPortrait UIInterfaceOrientationLandscapeLeft UIInterfaceOrientationLandscapeRight";
				INFOPLIST_KEY_UISupportedInterfaceOrientations_iPad = "UIInterfaceOrientationPortrait UIInterfaceOrientationPortraitUpsideDown UIInterfaceOrientationLandscapeLeft UIInterfaceOrientationLandscapeRight";
				INFOPLIST_KEY_UISupportedInterfaceOrientations_iPhone = "UIInterfaceOrientationPortrait UIInterfaceOrientationLandscapeLeft UIInterfaceOrientationLandscapeRight";
				LD_RUNPATH_SEARCH_PATHS = (
					"$(inherited)",
					"@executable_path/Frameworks",
				);
				MARKETING_VERSION = 1.0;
				PRODUCT_BUNDLE_IDENTIFIER = EnhanceIT.ShowluxaryCars;
				PRODUCT_NAME = "$(TARGET_NAME)";
				SWIFT_EMIT_LOC_STRINGS = YES;
				SWIFT_VERSION = 5.0;
				TARGETED_DEVICE_FAMILY = "1,2";
			};
			name = Debug;
		};
		027DA90B28B7C3AA004229F5 /* Release */ = {
			isa = XCBuildConfiguration;
			buildSettings = {
				ASSETCATALOG_COMPILER_APPICON_NAME = AppIcon;
				ASSETCATALOG_COMPILER_GLOBAL_ACCENT_COLOR_NAME = AccentColor;
				CODE_SIGN_STYLE = Automatic;
				CURRENT_PROJECT_VERSION = 1;
				DEVELOPMENT_TEAM = B9BQZ623PG;
				GENERATE_INFOPLIST_FILE = YES;
				INFOPLIST_FILE = ShowluxaryCars/Info.plist;
				INFOPLIST_KEY_UIApplicationSupportsIndirectInputEvents = YES;
				INFOPLIST_KEY_UILaunchStoryboardName = LaunchScreen;
				INFOPLIST_KEY_UIMainStoryboardFile = Main;
				INFOPLIST_KEY_UISupportedInterfaceOrientations = "UIInterfaceOrientationPortrait UIInterfaceOrientationLandscapeLeft UIInterfaceOrientationLandscapeRight";
				INFOPLIST_KEY_UISupportedInterfaceOrientations_iPad = "UIInterfaceOrientationPortrait UIInterfaceOrientationPortraitUpsideDown UIInterfaceOrientationLandscapeLeft UIInterfaceOrientationLandscapeRight";
				INFOPLIST_KEY_UISupportedInterfaceOrientations_iPhone = "UIInterfaceOrientationPortrait UIInterfaceOrientationLandscapeLeft UIInterfaceOrientationLandscapeRight";
				LD_RUNPATH_SEARCH_PATHS = (
					"$(inherited)",
					"@executable_path/Frameworks",
				);
				MARKETING_VERSION = 1.0;
				PRODUCT_BUNDLE_IDENTIFIER = EnhanceIT.ShowluxaryCars;
				PRODUCT_NAME = "$(TARGET_NAME)";
				SWIFT_EMIT_LOC_STRINGS = YES;
				SWIFT_VERSION = 5.0;
				TARGETED_DEVICE_FAMILY = "1,2";
			};
			name = Release;
		};
		027DA90D28B7C3AA004229F5 /* Debug */ = {
			isa = XCBuildConfiguration;
			buildSettings = {
				ALWAYS_EMBED_SWIFT_STANDARD_LIBRARIES = YES;
				BUNDLE_LOADER = "$(TEST_HOST)";
				CODE_SIGN_STYLE = Automatic;
				CURRENT_PROJECT_VERSION = 1;
				DEVELOPMENT_TEAM = B9BQZ623PG;
				GENERATE_INFOPLIST_FILE = YES;
				IPHONEOS_DEPLOYMENT_TARGET = 15.5;
				MARKETING_VERSION = 1.0;
				PRODUCT_BUNDLE_IDENTIFIER = EnhanceIT.ShowluxaryCarsTests;
				PRODUCT_NAME = "$(TARGET_NAME)";
				SWIFT_EMIT_LOC_STRINGS = NO;
				SWIFT_VERSION = 5.0;
				TARGETED_DEVICE_FAMILY = "1,2";
				TEST_HOST = "$(BUILT_PRODUCTS_DIR)/ShowluxaryCars.app/ShowluxaryCars";
			};
			name = Debug;
		};
		027DA90E28B7C3AA004229F5 /* Release */ = {
			isa = XCBuildConfiguration;
			buildSettings = {
				ALWAYS_EMBED_SWIFT_STANDARD_LIBRARIES = YES;
				BUNDLE_LOADER = "$(TEST_HOST)";
				CODE_SIGN_STYLE = Automatic;
				CURRENT_PROJECT_VERSION = 1;
				DEVELOPMENT_TEAM = B9BQZ623PG;
				GENERATE_INFOPLIST_FILE = YES;
				IPHONEOS_DEPLOYMENT_TARGET = 15.5;
				MARKETING_VERSION = 1.0;
				PRODUCT_BUNDLE_IDENTIFIER = EnhanceIT.ShowluxaryCarsTests;
				PRODUCT_NAME = "$(TARGET_NAME)";
				SWIFT_EMIT_LOC_STRINGS = NO;
				SWIFT_VERSION = 5.0;
				TARGETED_DEVICE_FAMILY = "1,2";
				TEST_HOST = "$(BUILT_PRODUCTS_DIR)/ShowluxaryCars.app/ShowluxaryCars";
			};
			name = Release;
		};
		027DA91028B7C3AA004229F5 /* Debug */ = {
			isa = XCBuildConfiguration;
			buildSettings = {
				ALWAYS_EMBED_SWIFT_STANDARD_LIBRARIES = YES;
				CODE_SIGN_STYLE = Automatic;
				CURRENT_PROJECT_VERSION = 1;
				DEVELOPMENT_TEAM = B9BQZ623PG;
				GENERATE_INFOPLIST_FILE = YES;
				MARKETING_VERSION = 1.0;
				PRODUCT_BUNDLE_IDENTIFIER = EnhanceIT.ShowluxaryCarsUITests;
				PRODUCT_NAME = "$(TARGET_NAME)";
				SWIFT_EMIT_LOC_STRINGS = NO;
				SWIFT_VERSION = 5.0;
				TARGETED_DEVICE_FAMILY = "1,2";
				TEST_TARGET_NAME = ShowluxaryCars;
			};
			name = Debug;
		};
		027DA91128B7C3AA004229F5 /* Release */ = {
			isa = XCBuildConfiguration;
			buildSettings = {
				ALWAYS_EMBED_SWIFT_STANDARD_LIBRARIES = YES;
				CODE_SIGN_STYLE = Automatic;
				CURRENT_PROJECT_VERSION = 1;
				DEVELOPMENT_TEAM = B9BQZ623PG;
				GENERATE_INFOPLIST_FILE = YES;
				MARKETING_VERSION = 1.0;
				PRODUCT_BUNDLE_IDENTIFIER = EnhanceIT.ShowluxaryCarsUITests;
				PRODUCT_NAME = "$(TARGET_NAME)";
				SWIFT_EMIT_LOC_STRINGS = NO;
				SWIFT_VERSION = 5.0;
				TARGETED_DEVICE_FAMILY = "1,2";
				TEST_TARGET_NAME = ShowluxaryCars;
			};
			name = Release;
		};
/* End XCBuildConfiguration section */

/* Begin XCConfigurationList section */
		027DA8DA28B7C3A7004229F5 /* Build configuration list for PBXProject "ShowluxaryCars" */ = {
			isa = XCConfigurationList;
			buildConfigurations = (
				027DA90728B7C3AA004229F5 /* Debug */,
				027DA90828B7C3AA004229F5 /* Release */,
			);
			defaultConfigurationIsVisible = 0;
			defaultConfigurationName = Release;
		};
		027DA90928B7C3AA004229F5 /* Build configuration list for PBXNativeTarget "ShowluxaryCars" */ = {
			isa = XCConfigurationList;
			buildConfigurations = (
				027DA90A28B7C3AA004229F5 /* Debug */,
				027DA90B28B7C3AA004229F5 /* Release */,
			);
			defaultConfigurationIsVisible = 0;
			defaultConfigurationName = Release;
		};
		027DA90C28B7C3AA004229F5 /* Build configuration list for PBXNativeTarget "ShowluxaryCarsTests" */ = {
			isa = XCConfigurationList;
			buildConfigurations = (
				027DA90D28B7C3AA004229F5 /* Debug */,
				027DA90E28B7C3AA004229F5 /* Release */,
			);
			defaultConfigurationIsVisible = 0;
			defaultConfigurationName = Release;
		};
		027DA90F28B7C3AA004229F5 /* Build configuration list for PBXNativeTarget "ShowluxaryCarsUITests" */ = {
			isa = XCConfigurationList;
			buildConfigurations = (
				027DA91028B7C3AA004229F5 /* Debug */,
				027DA91128B7C3AA004229F5 /* Release */,
			);
			defaultConfigurationIsVisible = 0;
			defaultConfigurationName = Release;
		};
/* End XCConfigurationList section */
	};
	rootObject = 027DA8D728B7C3A7004229F5 /* Project object */;
}
